Microsoft Visual Studio Solution File, Format Version 12.00
# Visual Studio Version 17
VisualStudioVersion = 17.0.31912.312
MinimumVisualStudioVersion = 10.0.40219.1
Project("{FAE04EC0-301F-11D3-BF4B-00C04F79EFBC}") = "NetDemo", "src/NetDemo/NetDemo.csproj", "{A1B2C3D4-5678-90AB-CDEF-0123456789AB}"
EndProject
Project("{FAE04EC0-301F-11D3-BF4B-00C04F79EFBC}") = "NetDemo.Tests", "tests/NetDemo.Tests/NetDemo.Tests.csproj", "{B2C3D4E5-6789-0ABC-DEF0-123456789ABC}"
EndProject
Global
	GlobalSection(SolutionConfigurationPlatforms) = preSolution
		Debug|Any CPU = Debug|Any CPU
		Release|Any CPU = Release|Any CPU
	EndGlobalSection
	GlobalSection(ProjectConfigurationPlatforms) = postSolution
		{A1B2C3D4-5678-90AB-CDEF-0123456789AB}.Debug|Any CPU.ActiveCfg = Debug|Any CPU
		{A1B2C3D4-5678-90AB-CDEF-0123456789AB}.Debug|Any CPU.Build.0 = Debug|Any CPU
		{A1B2C3D4-5678-90AB-CDEF-0123456789AB}.Release|Any CPU.ActiveCfg = Release|Any CPU
		{A1B2C3D4-5678-90AB-CDEF-0123456789AB}.Release|Any CPU.Build.0 = Release|Any CPU
		{B2C3D4E5-6789-0ABC-DEF0-123456789ABC}.Debug|Any CPU.ActiveCfg = Debug|Any CPU
		{B2C3D4E5-6789-0ABC-DEF0-123456789ABC}.Debug|Any CPU.Build.0 = Debug|Any CPU
		{B2C3D4E5-6789-0ABC-DEF0-123456789ABC}.Release|Any CPU.ActiveCfg = Release|Any CPU
		{B2C3D4E5-6789-0ABC-DEF0-123456789ABC}.Release|Any CPU.Build.0 = Release|Any CPU
	EndGlobalSection
EndGlobal
